
Microsoft Visual Studio Solution File, Format Version 12.00
# Visual Studio 15
Project("{FAE04EC0-301F-11D3-BF4B-00C04F79EFBC}") = "seleniumTest", "seleniumTest\seleniumTest.csproj", "{2BE459AE-07F9-4CA7-9CF5-78D4A0605C8E}"
EndProject
Global
	GlobalSection(SolutionConfigurationPlatforms) = preSolution
		Debug|Any CPU = Debug|Any CPU
		Release|Any CPU = Release|Any CPU
	EndGlobalSection
	GlobalSection(ProjectConfigurationPlatforms) = postSolution
		{2BE459AE-07F9-4CA7-9CF5-78D4A0605C8E}.Debug|Any CPU.ActiveCfg = Debug|Any CPU
		{2BE459AE-07F9-4CA7-9CF5-78D4A0605C8E}.Debug|Any CPU.Build.0 = Debug|Any CPU
		{2BE459AE-07F9-4CA7-9CF5-78D4A0605C8E}.Release|Any CPU.ActiveCfg = Release|Any CPU
		{2BE459AE-07F9-4CA7-9CF5-78D4A0605C8E}.Release|Any CPU.Build.0 = Release|Any CPU
	EndGlobalSection
EndGlobal
